
Microsoft Visual Studio Solution File, Format Version 12.00
# Visual Studio 15
VisualStudioVersion = 15.0.27004.2006
MinimumVisualStudioVersion = 10.0.40219.1
Project("{FAE04EC0-301F-11D3-BF4B-00C04F79EFBC}") = "KuaforSalonuV1", "KuaforSalonuV1\KuaforSalonuV1.csproj", "{410AF33B-90F7-4238-B35D-865C6E9F20DF}"
EndProject
Global
	GlobalSection(SolutionConfigurationPlatforms) = preSolution
		Debug|Any CPU = Debug|Any CPU
		Release|Any CPU = Release|Any CPU
	EndGlobalSection
	GlobalSection(ProjectConfigurationPlatforms) = postSolution
		{410AF33B-90F7-4238-B35D-865C6E9F20DF}.Debug|Any CPU.ActiveCfg = Debug|Any CPU
		{410AF33B-90F7-4238-B35D-865C6E9F20DF}.Debug|Any CPU.Build.0 = Debug|Any CPU
		{410AF33B-90F7-4238-B35D-865C6E9F20DF}.Release|Any CPU.ActiveCfg = Release|Any CPU
		{410AF33B-90F7-4238-B35D-865C6E9F20DF}.Release|Any CPU.Build.0 = Release|Any CPU
	EndGlobalSection
	GlobalSection(SolutionProperties) = preSolution
		HideSolutionNode = FALSE
	EndGlobalSection
	GlobalSection(ExtensibilityGlobals) = postSolution
		SolutionGuid = {08CF8B18-7482-4FA8-9800-2CB6B3F09385}
	EndGlobalSection
EndGlobal
